{
  "name": "The-good-line-height",
  "version": "1.0.0",
  "lockfileVersion": 1,
  "requires": true,
  "dependencies": {
    "@figma/plugin-typings": {
      "version": "1.17.1",
      "resolved": "https://registry.npmjs.org/@figma/plugin-typings/-/plugin-typings-1.17.1.tgz",
      "integrity": "sha512-333pYcJJVI2Wk1VTJq0ShvsqzwLJ9c1kNDzptcXdoGcDlAlljUV7B5rzEOIC9GkRFl1Kl/DsLOb9WzFRc+n2og==",
      "dev": true
    },
    "figma-plugin-ds": {
      "version": "0.1.8",
      "resolved": "https://registry.npmjs.org/figma-plugin-ds/-/figma-plugin-ds-0.1.8.tgz",
      "integrity": "sha512-Uyq6H7JPI5me6okR0calUjW7EPwO5KCuxRwn86CJKoivULjooKIaVF83JcgKZzFod18oK6SJzVnlqFw11MfUcg=="
    }
  }
}
